// !$*UTF8*$!
{
	archiveVersion = 1;
	classes = {
	};
	objectVersion = 46;
	objects = {

/* Begin PBXBuildFile section */
		522F3AC01CD0565E00ED384D /* main.m in Sources */ = {isa = PBXBuildFile; fileRef = 522F3ABF1CD0565E00ED384D /* main.m */; };
		522F3AC31CD0565E00ED384D /* AppDelegate.m in Sources */ = {isa = PBXBuildFile; fileRef = 522F3AC21CD0565E00ED384D /* AppDelegate.m */; };
		522F3AC61CD0565E00ED384D /* ViewController.m in Sources */ = {isa = PBXBuildFile; fileRef = 522F3AC51CD0565E00ED384D /* ViewController.m */; };
		522F3ACB1CD0565E00ED384D /* Images.xcassets in Resources */ = {isa = PBXBuildFile; fileRef = 522F3ACA1CD0565E00ED384D /* Images.xcassets */; };
		522F3ACE1CD0565E00ED384D /* LaunchScreen.xib in Resources */ = {isa = PBXBuildFile; fileRef = 522F3ACC1CD0565E00ED384D /* LaunchScreen.xib */; };
		522F3ADA1CD0565E00ED384D /* StatueViewTests.m in Sources */ = {isa = PBXBuildFile; fileRef = 522F3AD91CD0565E00ED384D /* StatueViewTests.m */; };
		522F3AE61CD0572F00ED384D /* StatueView.m in Sources */ = {isa = PBXBuildFile; fileRef = 522F3AE51CD0572F00ED384D /* StatueView.m */; };
		522F3AFD1CD0B44C00ED384D /* info.png in Resources */ = {isa = PBXBuildFile; fileRef = 522F3AF71CD0B44C00ED384D /* info.png */; };
		522F3AFE1CD0B44C00ED384D /* info@2x.png in Resources */ = {isa = PBXBuildFile; fileRef = 522F3AF81CD0B44C00ED384D /* info@2x.png */; };
		522F3AFF1CD0B44C00ED384D /* info@3x.png in Resources */ = {isa = PBXBuildFile; fileRef = 522F3AF91CD0B44C00ED384D /* info@3x.png */; };
		522F3B001CD0B44C00ED384D /* success.png in Resources */ = {isa = PBXBuildFile; fileRef = 522F3AFA1CD0B44C00ED384D /* success.png */; };
		522F3B011CD0B44C00ED384D /* success@2x.png in Resources */ = {isa = PBXBuildFile; fileRef = 522F3AFB1CD0B44C00ED384D /* success@2x.png */; };
		522F3B021CD0B44C00ED384D /* success@3x.png in Resources */ = {isa = PBXBuildFile; fileRef = 522F3AFC1CD0B44C00ED384D /* success@3x.png */; };
/* End PBXBuildFile section */

/* Begin PBXContainerItemProxy section */
		522F3AD41CD0565E00ED384D /* PBXContainerItemProxy */ = {
			isa = PBXContainerItemProxy;
			containerPortal = 522F3AB21CD0565E00ED384D /* Project object */;
			proxyType = 1;
			remoteGlobalIDString = 522F3AB91CD0565E00ED384D;
			remoteInfo = StatueView;
		};
/* End PBXContainerItemProxy section */

/* Begin PBXFileReference section */
		522F3ABA1CD0565E00ED384D /* StatueView.app */ = {isa = PBXFileReference; explicitFileType = wrapper.application; includeInIndex = 0; path = StatueView.app; sourceTree = BUILT_PRODUCTS_DIR; };
		522F3ABE1CD0565E00ED384D /* Info.plist */ = {isa = PBXFileReference; lastKnownFileType = text.plist.xml; path = Info.plist; sourceTree = "<group>"; };
		522F3ABF1CD0565E00ED384D /* main.m */ = {isa = PBXFileReference; lastKnownFileType = sourcecode.c.objc; path = main.m; sourceTree = "<group>"; };
		522F3AC11CD0565E00ED384D /* AppDelegate.h */ = {isa = PBXFileReference; lastKnownFileType = sourcecode.c.h; path = AppDelegate.h; sourceTree = "<group>"; };
		522F3AC21CD0565E00ED384D /* AppDelegate.m */ = {isa = PBXFileReference; lastKnownFileType = sourcecode.c.objc; path = AppDelegate.m; sourceTree = "<group>"; };
		522F3AC41CD0565E00ED384D /* ViewController.h */ = {isa = PBXFileReference; lastKnownFileType = sourcecode.c.h; path = ViewController.h; sourceTree = "<group>"; };
		522F3AC51CD0565E00ED384D /* ViewController.m */ = {isa = PBXFileReference; lastKnownFileType = sourcecode.c.objc; path = ViewController.m; sourceTree = "<group>"; };
		522F3ACA1CD0565E00ED384D /* Images.xcassets */ = {isa = PBXFileReference; lastKnownFileType = folder.assetcatalog; path = Images.xcassets; sourceTree = "<group>"; };
		522F3ACD1CD0565E00ED384D /* Base */ = {isa = PBXFileReference; lastKnownFileType = file.xib; name = Base; path = Base.lproj/LaunchScreen.xib; sourceTree = "<group>"; };
		522F3AD31CD0565E00ED384D /* StatueViewTests.xctest */ = {isa = PBXFileReference; explicitFileType = wrapper.cfbundle; includeInIndex = 0; path = StatueViewTests.xctest; sourceTree = BUILT_PRODUCTS_DIR; };
		522F3AD81CD0565E00ED384D /* Info.plist */ = {isa = PBXFileReference; lastKnownFileType = text.plist.xml; path = Info.plist; sourceTree = "<group>"; };
		522F3AD91CD0565E00ED384D /* StatueViewTests.m */ = {isa = PBXFileReference; lastKnownFileType = sourcecode.c.objc; path = StatueViewTests.m; sourceTree = "<group>"; };
		522F3AE41CD0572F00ED384D /* StatueView.h */ = {isa = PBXFileReference; fileEncoding = 4; lastKnownFileType = sourcecode.c.h; path = StatueView.h; sourceTree = "<group>"; };
		522F3AE51CD0572F00ED384D /* StatueView.m */ = {isa = PBXFileReference; fileEncoding = 4; lastKnownFileType = sourcecode.c.objc; path = StatueView.m; sourceTree = "<group>"; };
		522F3AF71CD0B44C00ED384D /* info.png */ = {isa = PBXFileReference; lastKnownFileType = image.png; path = info.png; sourceTree = "<group>"; };
		522F3AF81CD0B44C00ED384D /* info@2x.png */ = {isa = PBXFileReference; lastKnownFileType = image.png; path = "info@2x.png"; sourceTree = "<group>"; };
		522F3AF91CD0B44C00ED384D /* info@3x.png */ = {isa = PBXFileReference; lastKnownFileType = image.png; path = "info@3x.png"; sourceTree = "<group>"; };
		522F3AFA1CD0B44C00ED384D /* success.png */ = {isa = PBXFileReference; lastKnownFileType = image.png; path = success.png; sourceTree = "<group>"; };
		522F3AFB1CD0B44C00ED384D /* success@2x.png */ = {isa = PBXFileReference; lastKnownFileType = image.png; path = "success@2x.png"; sourceTree = "<group>"; };
		522F3AFC1CD0B44C00ED384D /* success@3x.png */ = {isa = PBXFileReference; lastKnownFileType = image.png; path = "success@3x.png"; sourceTree = "<group>"; };
/* End PBXFileReference section */

/* Begin PBXFrameworksBuildPhase section */
		522F3AB71CD0565E00ED384D /* Frameworks */ = {
			isa = PBXFrameworksBuildPhase;
			buildActionMask = 2147483647;
			files = (
			);
			runOnlyForDeploymentPostprocessing = 0;
		};
		522F3AD01CD0565E00ED384D /* Frameworks */ = {
			isa = PBXFrameworksBuildPhase;
			buildActionMask = 2147483647;
			files = (
			);
			runOnlyForDeploymentPostprocessing = 0;
		};
/* End PBXFrameworksBuildPhase section */

/* Begin PBXGroup section */
		522F3AB11CD0565E00ED384D = {
			isa = PBXGroup;
			children = (
				522F3ABC1CD0565E00ED384D /* StatueView */,
				522F3AD61CD0565E00ED384D /* StatueViewTests */,
				522F3ABB1CD0565E00ED384D /* Products */,
			);
			sourceTree = "<group>";
		};
		522F3ABB1CD0565E00ED384D /* Products */ = {
			isa = PBXGroup;
			children = (
				522F3ABA1CD0565E00ED384D /* StatueView.app */,
				522F3AD31CD0565E00ED384D /* StatueViewTests.xctest */,
			);
			name = Products;
			sourceTree = "<group>";
		};
		522F3ABC1CD0565E00ED384D /* StatueView */ = {
			isa = PBXGroup;
			children = (
				522F3AE31CD0572F00ED384D /* StatueView */,
				522F3AC11CD0565E00ED384D /* AppDelegate.h */,
				522F3AC21CD0565E00ED384D /* AppDelegate.m */,
				522F3AC41CD0565E00ED384D /* ViewController.h */,
				522F3AC51CD0565E00ED384D /* ViewController.m */,
				522F3ACA1CD0565E00ED384D /* Images.xcassets */,
				522F3ACC1CD0565E00ED384D /* LaunchScreen.xib */,
				522F3ABD1CD0565E00ED384D /* Supporting Files */,
			);
			path = StatueView;
			sourceTree = "<group>";
		};
		522F3ABD1CD0565E00ED384D /* Supporting Files */ = {
			isa = PBXGroup;
			children = (
				522F3ABE1CD0565E00ED384D /* Info.plist */,
				522F3ABF1CD0565E00ED384D /* main.m */,
			);
			name = "Supporting Files";
			sourceTree = "<group>";
		};
		522F3AD61CD0565E00ED384D /* StatueViewTests */ = {
			isa = PBXGroup;
			children = (
				522F3AD91CD0565E00ED384D /* StatueViewTests.m */,
				522F3AD71CD0565E00ED384D /* Supporting Files */,
			);
			path = StatueViewTests;
			sourceTree = "<group>";
		};
		522F3AD71CD0565E00ED384D /* Supporting Files */ = {
			isa = PBXGroup;
			children = (
				522F3AD81CD0565E00ED384D /* Info.plist */,
			);
			name = "Supporting Files";
			sourceTree = "<group>";
		};
		522F3AE31CD0572F00ED384D /* StatueView */ = {
			isa = PBXGroup;
			children = (
				522F3AE41CD0572F00ED384D /* StatueView.h */,
				522F3AE51CD0572F00ED384D /* StatueView.m */,
				522F3AF71CD0B44C00ED384D /* info.png */,
				522F3AF81CD0B44C00ED384D /* info@2x.png */,
				522F3AF91CD0B44C00ED384D /* info@3x.png */,
				522F3AFA1CD0B44C00ED384D /* success.png */,
				522F3AFB1CD0B44C00ED384D /* success@2x.png */,
				522F3AFC1CD0B44C00ED384D /* success@3x.png */,
			);
			path = StatueView;
			sourceTree = "<group>";
		};
/* End PBXGroup section */

/* Begin PBXNativeTarget section */
		522F3AB91CD0565E00ED384D /* StatueView */ = {
			isa = PBXNativeTarget;
			buildConfigurationList = 522F3ADD1CD0565E00ED384D /* Build configuration list for PBXNativeTarget "StatueView" */;
			buildPhases = (
				522F3AB61CD0565E00ED384D /* Sources */,
				522F3AB71CD0565E00ED384D /* Frameworks */,
				522F3AB81CD0565E00ED384D /* Resources */,
			);
			buildRules = (
			);
			dependencies = (
			);
			name = StatueView;
			productName = StatueView;
			productReference = 522F3ABA1CD0565E00ED384D /* StatueView.app */;
			productType = "com.apple.product-type.application";
		};
		522F3AD21CD0565E00ED384D /* StatueViewTests */ = {
			isa = PBXNativeTarget;
			buildConfigurationList = 522F3AE01CD0565E00ED384D /* Build configuration list for PBXNativeTarget "StatueViewTests" */;
			buildPhases = (
				522F3ACF1CD0565E00ED384D /* Sources */,
				522F3AD01CD0565E00ED384D /* Frameworks */,
				522F3AD11CD0565E00ED384D /* Resources */,
			);
			buildRules = (
			);
			dependencies = (
				522F3AD51CD0565E00ED384D /* PBXTargetDependency */,
			);
			name = StatueViewTests;
			productName = StatueViewTests;
			productReference = 522F3AD31CD0565E00ED384D /* StatueViewTests.xctest */;
			productType = "com.apple.product-type.bundle.unit-test";
		};
/* End PBXNativeTarget section */

/* Begin PBXProject section */
		522F3AB21CD0565E00ED384D /* Project object */ = {
			isa = PBXProject;
			attributes = {
				LastUpgradeCheck = 0640;
				ORGANIZATIONNAME = "互动";
				TargetAttributes = {
					522F3AB91CD0565E00ED384D = {
						CreatedOnToolsVersion = 6.4;
					};
					522F3AD21CD0565E00ED384D = {
						CreatedOnToolsVersion = 6.4;
						TestTargetID = 522F3AB91CD0565E00ED384D;
					};
				};
			};
			buildConfigurationList = 522F3AB51CD0565E00ED384D /* Build configuration list for PBXProject "StatueView" */;
			compatibilityVersion = "Xcode 3.2";
			developmentRegion = English;
			hasScannedForEncodings = 0;
			knownRegions = (
				en,
				Base,
			);
			mainGroup = 522F3AB11CD0565E00ED384D;
			productRefGroup = 522F3ABB1CD0565E00ED384D /* Products */;
			projectDirPath = "";
			projectRoot = "";
			targets = (
				522F3AB91CD0565E00ED384D /* StatueView */,
				522F3AD21CD0565E00ED384D /* StatueViewTests */,
			);
		};
/* End PBXProject section */

/* Begin PBXResourcesBuildPhase section */
		522F3AB81CD0565E00ED384D /* Resources */ = {
			isa = PBXResourcesBuildPhase;
			buildActionMask = 2147483647;
			files = (
				522F3B011CD0B44C00ED384D /* success@2x.png in Resources */,
				522F3AFF1CD0B44C00ED384D /* info@3x.png in Resources */,
				522F3B001CD0B44C00ED384D /* success.png in Resources */,
				522F3AFE1CD0B44C00ED384D /* info@2x.png in Resources */,
				522F3ACE1CD0565E00ED384D /* LaunchScreen.xib in Resources */,
				522F3B021CD0B44C00ED384D /* success@3x.png in Resources */,
				522F3ACB1CD0565E00ED384D /* Images.xcassets in Resources */,
				522F3AFD1CD0B44C00ED384D /* info.png in Resources */,
			);
			runOnlyForDeploymentPostprocessing = 0;
		};
		522F3AD11CD0565E00ED384D /* Resources */ = {
			isa = PBXResourcesBuildPhase;
			buildActionMask = 2147483647;
			files = (
			);
			runOnlyForDeploymentPostprocessing = 0;
		};
/* End PBXResourcesBuildPhase section */

/* Begin PBXSourcesBuildPhase section */
		522F3AB61CD0565E00ED384D /* Sources */ = {
			isa = PBXSourcesBuildPhase;
			buildActionMask = 2147483647;
			files = (
				522F3AE61CD0572F00ED384D /* StatueView.m in Sources */,
				522F3AC61CD0565E00ED384D /* ViewController.m in Sources */,
				522F3AC31CD0565E00ED384D /* AppDelegate.m in Sources */,
				522F3AC01CD0565E00ED384D /* main.m in Sources */,
			);
			runOnlyForDeploymentPostprocessing = 0;
		};
		522F3ACF1CD0565E00ED384D /* Sources */ = {
			isa = PBXSourcesBuildPhase;
			buildActionMask = 2147483647;
			files = (
				522F3ADA1CD0565E00ED384D /* StatueViewTests.m in Sources */,
			);
			runOnlyForDeploymentPostprocessing = 0;
		};
/* End PBXSourcesBuildPhase section */

/* Begin PBXTargetDependency section */
		522F3AD51CD0565E00ED384D /* PBXTargetDependency */ = {
			isa = PBXTargetDependency;
			target = 522F3AB91CD0565E00ED384D /* StatueView */;
			targetProxy = 522F3AD41CD0565E00ED384D /* PBXContainerItemProxy */;
		};
/* End PBXTargetDependency section */

/* Begin PBXVariantGroup section */
		522F3ACC1CD0565E00ED384D /* LaunchScreen.xib */ = {
			isa = PBXVariantGroup;
			children = (
				522F3ACD1CD0565E00ED384D /* Base */,
			);
			name = LaunchScreen.xib;
			sourceTree = "<group>";
		};
/* End PBXVariantGroup section */

/* Begin XCBuildConfiguration section */
		522F3ADB1CD0565E00ED384D /* Debug */ = {
			isa = XCBuildConfiguration;
			buildSettings = {
				ALWAYS_SEARCH_USER_PATHS = NO;
				CLANG_CXX_LANGUAGE_STANDARD = "gnu++0x";
				CLANG_CXX_LIBRARY = "libc++";
				CLANG_ENABLE_MODULES = YES;
				CLANG_ENABLE_OBJC_ARC = YES;
				CLANG_WARN_BOOL_CONVERSION = YES;
				CLANG_WARN_CONSTANT_CONVERSION = YES;
				CLANG_WARN_DIRECT_OBJC_ISA_USAGE = YES_ERROR;
				CLANG_WARN_EMPTY_BODY = YES;
				CLANG_WARN_ENUM_CONVERSION = YES;
				CLANG_WARN_INT_CONVERSION = YES;
				CLANG_WARN_OBJC_ROOT_CLASS = YES_ERROR;
				CLANG_WARN_UNREACHABLE_CODE = YES;
				CLANG_WARN__DUPLICATE_METHOD_MATCH = YES;
				"CODE_SIGN_IDENTITY[sdk=iphoneos*]" = "iPhone Developer";
				COPY_PHASE_STRIP = NO;
				DEBUG_INFORMATION_FORMAT = "dwarf-with-dsym";
				ENABLE_STRICT_OBJC_MSGSEND = YES;
				GCC_C_LANGUAGE_STANDARD = gnu99;
				GCC_DYNAMIC_NO_PIC = NO;
				GCC_NO_COMMON_BLOCKS = YES;
				GCC_OPTIMIZATION_LEVEL = 0;
				GCC_PREPROCESSOR_DEFINITIONS = (
					"DEBUG=1",
					"$(inherited)",
				);
				GCC_SYMBOLS_PRIVATE_EXTERN = NO;
				GCC_WARN_64_TO_32_BIT_CONVERSION = YES;
				GCC_WARN_ABOUT_RETURN_TYPE = YES_ERROR;
				GCC_WARN_UNDECLARED_SELECTOR = YES;
				GCC_WARN_UNINITIALIZED_AUTOS = YES_AGGRESSIVE;
				GCC_WARN_UNUSED_FUNCTION = YES;
				GCC_WARN_UNUSED_VARIABLE = YES;
				IPHONEOS_DEPLOYMENT_TARGET = 8.4;
				MTL_ENABLE_DEBUG_INFO = YES;
				ONLY_ACTIVE_ARCH = YES;
				SDKROOT = iphoneos;
				TARGETED_DEVICE_FAMILY = "1,2";
			};
			name = Debug;
		};
		522F3ADC1CD0565E00ED384D /* Release */ = {
			isa = XCBuildConfiguration;
			buildSettings = {
				ALWAYS_SEARCH_USER_PATHS = NO;
				CLANG_CXX_LANGUAGE_STANDARD = "gnu++0x";
				CLANG_CXX_LIBRARY = "libc++";
				CLANG_ENABLE_MODULES = YES;
				CLANG_ENABLE_OBJC_ARC = YES;
				CLANG_WARN_BOOL_CONVERSION = YES;
				CLANG_WARN_CONSTANT_CONVERSION = YES;
				CLANG_WARN_DIRECT_OBJC_ISA_USAGE = YES_ERROR;
				CLANG_WARN_EMPTY_BODY = YES;
				CLANG_WARN_ENUM_CONVERSION = YES;
				CLANG_WARN_INT_CONVERSION = YES;
				CLANG_WARN_OBJC_ROOT_CLASS = YES_ERROR;
				CLANG_WARN_UNREACHABLE_CODE = YES;
				CLANG_WARN__DUPLICATE_METHOD_MATCH = YES;
				"CODE_SIGN_IDENTITY[sdk=iphoneos*]" = "iPhone Developer";
				COPY_PHASE_STRIP = NO;
				DEBUG_INFORMATION_FORMAT = "dwarf-with-dsym";
				ENABLE_NS_ASSERTIONS = NO;
				ENABLE_STRICT_OBJC_MSGSEND = YES;
				GCC_C_LANGUAGE_STANDARD = gnu99;
				GCC_NO_COMMON_BLOCKS = YES;
				GCC_WARN_64_TO_32_BIT_CONVERSION = YES;
				GCC_WARN_ABOUT_RETURN_TYPE = YES_ERROR;
				GCC_WARN_UNDECLARED_SELECTOR = YES;
				GCC_WARN_UNINITIALIZED_AUTOS = YES_AGGRESSIVE;
				GCC_WARN_UNUSED_FUNCTION = YES;
				GCC_WARN_UNUSED_VARIABLE = YES;
				IPHONEOS_DEPLOYMENT_TARGET = 8.4;
				MTL_ENABLE_DEBUG_INFO = NO;
				SDKROOT = iphoneos;
				TARGETED_DEVICE_FAMILY = "1,2";
				VALIDATE_PRODUCT = YES;
			};
			name = Release;
		};
		522F3ADE1CD0565E00ED384D /* Debug */ = {
			isa = XCBuildConfiguration;
			buildSettings = {
				ASSETCATALOG_COMPILER_APPICON_NAME = AppIcon;
				INFOPLIST_FILE = StatueView/Info.plist;
				IPHONEOS_DEPLOYMENT_TARGET = 8.4;
				LD_RUNPATH_SEARCH_PATHS = "$(inherited) @executable_path/Frameworks";
				PRODUCT_NAME = "$(TARGET_NAME)";
			};
			name = Debug;
		};
		522F3ADF1CD0565E00ED384D /* Release */ = {
			isa = XCBuildConfiguration;
			buildSettings = {
				ASSETCATALOG_COMPILER_APPICON_NAME = AppIcon;
				INFOPLIST_FILE = StatueView/Info.plist;
				IPHONEOS_DEPLOYMENT_TARGET = 8.4;
				LD_RUNPATH_SEARCH_PATHS = "$(inherited) @executable_path/Frameworks";
				PRODUCT_NAME = "$(TARGET_NAME)";
			};
			name = Release;
		};
		522F3AE11CD0565E00ED384D /* Debug */ = {
			isa = XCBuildConfiguration;
			buildSettings = {
				BUNDLE_LOADER = "$(TEST_HOST)";
				FRAMEWORK_SEARCH_PATHS = (
					"$(SDKROOT)/Developer/Library/Frameworks",
					"$(inherited)",
				);
				GCC_PREPROCESSOR_DEFINITIONS = (
					"DEBUG=1",
					"$(inherited)",
				);
				INFOPLIST_FILE = StatueViewTests/Info.plist;
				LD_RUNPATH_SEARCH_PATHS = "$(inherited) @executable_path/Frameworks @loader_path/Frameworks";
				PRODUCT_NAME = "$(TARGET_NAME)";
				TEST_HOST = "$(BUILT_PRODUCTS_DIR)/StatueView.app/StatueView";
			};
			name = Debug;
		};
		522F3AE21CD0565E00ED384D /* Release */ = {
			isa = XCBuildConfiguration;
			buildSettings = {
				BUNDLE_LOADER = "$(TEST_HOST)";
				FRAMEWORK_SEARCH_PATHS = (
					"$(SDKROOT)/Developer/Library/Frameworks",
					"$(inherited)",
				);
				INFOPLIST_FILE = StatueViewTests/Info.plist;
				LD_RUNPATH_SEARCH_PATHS = "$(inherited) @executable_path/Frameworks @loader_path/Frameworks";
				PRODUCT_NAME = "$(TARGET_NAME)";
				TEST_HOST = "$(BUILT_PRODUCTS_DIR)/StatueView.app/StatueView";
			};
			name = Release;
		};
/* End XCBuildConfiguration section */

/* Begin XCConfigurationList section */
		522F3AB51CD0565E00ED384D /* Build configuration list for PBXProject "StatueView" */ = {
			isa = XCConfigurationList;
			buildConfigurations = (
				522F3ADB1CD0565E00ED384D /* Debug */,
				522F3ADC1CD0565E00ED384D /* Release */,
			);
			defaultConfigurationIsVisible = 0;
			defaultConfigurationName = Release;
		};
		522F3ADD1CD0565E00ED384D /* Build configuration list for PBXNativeTarget "StatueView" */ = {
			isa = XCConfigurationList;
			buildConfigurations = (
				522F3ADE1CD0565E00ED384D /* Debug */,
				522F3ADF1CD0565E00ED384D /* Release */,
			);
			defaultConfigurationIsVisible = 0;
			defaultConfigurationName = Release;
		};
		522F3AE01CD0565E00ED384D /* Build configuration list for PBXNativeTarget "StatueViewTests" */ = {
			isa = XCConfigurationList;
			buildConfigurations = (
				522F3AE11CD0565E00ED384D /* Debug */,
				522F3AE21CD0565E00ED384D /* Release */,
			);
			defaultConfigurationIsVisible = 0;
			defaultConfigurationName = Release;
		};
/* End XCConfigurationList section */
	};
	rootObject = 522F3AB21CD0565E00ED384D /* Project object */;
}
